
Microsoft Visual Studio Solution File, Format Version 12.00
# Visual Studio Version 17
VisualStudioVersion = 17.11.35312.102
MinimumVisualStudioVersion = 10.0.40219.1
Project("{FAE04EC0-301F-11D3-BF4B-00C04F79EFBC}") = "FinalHRSite", "FinalHRSite\FinalHRSite.csproj", "{34108ECB-9143-4F5F-A76E-A411A726B4E9}"
EndProject
Global
	GlobalSection(SolutionConfigurationPlatforms) = preSolution
		Debug|Any CPU = Debug|Any CPU
		Release|Any CPU = Release|Any CPU
	EndGlobalSection
	GlobalSection(ProjectConfigurationPlatforms) = postSolution
		{34108ECB-9143-4F5F-A76E-A411A726B4E9}.Debug|Any CPU.ActiveCfg = Debug|Any CPU
		{34108ECB-9143-4F5F-A76E-A411A726B4E9}.Debug|Any CPU.Build.0 = Debug|Any CPU
		{34108ECB-9143-4F5F-A76E-A411A726B4E9}.Release|Any CPU.ActiveCfg = Release|Any CPU
		{34108ECB-9143-4F5F-A76E-A411A726B4E9}.Release|Any CPU.Build.0 = Release|Any CPU
	EndGlobalSection
	GlobalSection(SolutionProperties) = preSolution
		HideSolutionNode = FALSE
	EndGlobalSection
	GlobalSection(ExtensibilityGlobals) = postSolution
		SolutionGuid = {C5C872A5-36DB-4C38-B4F2-9EF71780D5B7}
	EndGlobalSection
EndGlobal
